
Microsoft Visual Studio Solution File, Format Version 12.00
# Visual Studio Version 17
VisualStudioVersion = 17.4.33122.133
MinimumVisualStudioVersion = 10.0.40219.1
Project("{9A19103F-16F7-4668-BE54-9A1E7A4F7556}") = "GRVAS.Training.CeuEmailTrigger", "GRVAS.Training.CeuEmailTrigger\GRVAS.Training.CeuEmailTrigger.csproj", "{C8A77535-379D-4E12-990C-901C932B70CC}"
EndProject
Global
	GlobalSection(SolutionConfigurationPlatforms) = preSolution
		Debug|Any CPU = Debug|Any CPU
		Release|Any CPU = Release|Any CPU
	EndGlobalSection
	GlobalSection(ProjectConfigurationPlatforms) = postSolution
		{C8A77535-379D-4E12-990C-901C932B70CC}.Debug|Any CPU.ActiveCfg = Debug|Any CPU
		{C8A77535-379D-4E12-990C-901C932B70CC}.Debug|Any CPU.Build.0 = Debug|Any CPU
		{C8A77535-379D-4E12-990C-901C932B70CC}.Release|Any CPU.ActiveCfg = Release|Any CPU
		{C8A77535-379D-4E12-990C-901C932B70CC}.Release|Any CPU.Build.0 = Release|Any CPU
	EndGlobalSection
	GlobalSection(SolutionProperties) = preSolution
		HideSolutionNode = FALSE
	EndGlobalSection
	GlobalSection(ExtensibilityGlobals) = postSolution
		SolutionGuid = {79B5E348-2DC5-42FE-A434-100FD60AB919}
	EndGlobalSection
EndGlobal
